
Microsoft Visual Studio Solution File, Format Version 12.00
Project("{FAE04EC0-301F-11D3-BF4B-00C04F79EFBC}") = "Repro_AspNetSdkStyle", "Repro_AspNetSdkStyle.csproj", "{BFC399A9-52DF-481D-A723-EE8383A3B23C}"
EndProject
Global
	GlobalSection(SolutionConfigurationPlatforms) = preSolution
		Debug|Any CPU = Debug|Any CPU
		Release|Any CPU = Release|Any CPU
	EndGlobalSection
	GlobalSection(ProjectConfigurationPlatforms) = postSolution
		{BFC399A9-52DF-481D-A723-EE8383A3B23C}.Debug|Any CPU.ActiveCfg = Debug|Any CPU
		{BFC399A9-52DF-481D-A723-EE8383A3B23C}.Debug|Any CPU.Build.0 = Debug|Any CPU
		{BFC399A9-52DF-481D-A723-EE8383A3B23C}.Release|Any CPU.ActiveCfg = Release|Any CPU
		{BFC399A9-52DF-481D-A723-EE8383A3B23C}.Release|Any CPU.Build.0 = Release|Any CPU
	EndGlobalSection
EndGlobal
